// !$*UTF8*$!
{
	archiveVersion = 1;
	classes = {
	};
	objectVersion = 56;
	objects = {

/* Begin PBXBuildFile section */
		1888AD1BA18FA6A63DA70033 /* Pods_grinta.framework in Frameworks */ = {isa = PBXBuildFile; fileRef = F837A9090903F23E7DEF2ADD /* Pods_grinta.framework */; };
		28C533C0287C581B9A103E0A /* Pods_grintaTests.framework in Frameworks */ = {isa = PBXBuildFile; fileRef = B520EB586E905B26DD518079 /* Pods_grintaTests.framework */; };
		47FF3D4E2A98AC14009EB5F6 /* AppDelegate.swift in Sources */ = {isa = PBXBuildFile; fileRef = 47FF3D4D2A98AC14009EB5F6 /* AppDelegate.swift */; };
		47FF3D502A98AC14009EB5F6 /* SceneDelegate.swift in Sources */ = {isa = PBXBuildFile; fileRef = 47FF3D4F2A98AC14009EB5F6 /* SceneDelegate.swift */; };
		47FF3D552A98AC14009EB5F6 /* Main.storyboard in Resources */ = {isa = PBXBuildFile; fileRef = 47FF3D532A98AC14009EB5F6 /* Main.storyboard */; };
		47FF3D582A98AC14009EB5F6 /* grinta.xcdatamodeld in Sources */ = {isa = PBXBuildFile; fileRef = 47FF3D562A98AC14009EB5F6 /* grinta.xcdatamodeld */; };
		47FF3D5A2A98AC16009EB5F6 /* Assets.xcassets in Resources */ = {isa = PBXBuildFile; fileRef = 47FF3D592A98AC16009EB5F6 /* Assets.xcassets */; };
		47FF3D5D2A98AC16009EB5F6 /* LaunchScreen.storyboard in Resources */ = {isa = PBXBuildFile; fileRef = 47FF3D5B2A98AC16009EB5F6 /* LaunchScreen.storyboard */; };
		47FF3D682A98AC17009EB5F6 /* grintaTests.swift in Sources */ = {isa = PBXBuildFile; fileRef = 47FF3D672A98AC17009EB5F6 /* grintaTests.swift */; };
		47FF3D722A98AC17009EB5F6 /* grintaUITests.swift in Sources */ = {isa = PBXBuildFile; fileRef = 47FF3D712A98AC17009EB5F6 /* grintaUITests.swift */; };
		47FF3D742A98AC17009EB5F6 /* grintaUITestsLaunchTests.swift in Sources */ = {isa = PBXBuildFile; fileRef = 47FF3D732A98AC17009EB5F6 /* grintaUITestsLaunchTests.swift */; };
		47FF3D872A98B770009EB5F6 /* AppConfiguration.swift in Sources */ = {isa = PBXBuildFile; fileRef = 47FF3D862A98B770009EB5F6 /* AppConfiguration.swift */; };
		47FF3D892A98B8E4009EB5F6 /* NetworkConstants.swift in Sources */ = {isa = PBXBuildFile; fileRef = 47FF3D882A98B8E4009EB5F6 /* NetworkConstants.swift */; };
		47FF3D8B2A98BB40009EB5F6 /* BaseAPI.swift in Sources */ = {isa = PBXBuildFile; fileRef = 47FF3D8A2A98BB40009EB5F6 /* BaseAPI.swift */; };
		47FF3D8D2A98BB51009EB5F6 /* NetworkRouter.swift in Sources */ = {isa = PBXBuildFile; fileRef = 47FF3D8C2A98BB51009EB5F6 /* NetworkRouter.swift */; };
		47FF3D912A98BD69009EB5F6 /* NetworkManager.swift in Sources */ = {isa = PBXBuildFile; fileRef = 47FF3D902A98BD69009EB5F6 /* NetworkManager.swift */; };
		47FF3D932A98C338009EB5F6 /* NetworkRemoteDataSource.swift in Sources */ = {isa = PBXBuildFile; fileRef = 47FF3D922A98C338009EB5F6 /* NetworkRemoteDataSource.swift */; };
		47FF3D952A98C4A3009EB5F6 /* ResponseDataModel.swift in Sources */ = {isa = PBXBuildFile; fileRef = 47FF3D942A98C4A3009EB5F6 /* ResponseDataModel.swift */; };
		47FF3D972A98DCC0009EB5F6 /* BaseRouter.swift in Sources */ = {isa = PBXBuildFile; fileRef = 47FF3D962A98DCC0009EB5F6 /* BaseRouter.swift */; };
		47FF3D992A98DEC7009EB5F6 /* MatchesRepository.swift in Sources */ = {isa = PBXBuildFile; fileRef = 47FF3D982A98DEC7009EB5F6 /* MatchesRepository.swift */; };
		47FF3D9B2A98E676009EB5F6 /* MatchesViewController.swift in Sources */ = {isa = PBXBuildFile; fileRef = 47FF3D9A2A98E676009EB5F6 /* MatchesViewController.swift */; };
		47FF3D9D2A98ECE6009EB5F6 /* MatchesTableViewCell.swift in Sources */ = {isa = PBXBuildFile; fileRef = 47FF3D9C2A98ECE6009EB5F6 /* MatchesTableViewCell.swift */; };
		47FF3D9F2A98F816009EB5F6 /* MatchesViewModel.swift in Sources */ = {isa = PBXBuildFile; fileRef = 47FF3D9E2A98F816009EB5F6 /* MatchesViewModel.swift */; };
		549C55C2B32C1B1FBE9E4367 /* Pods_grinta_grintaUITests.framework in Frameworks */ = {isa = PBXBuildFile; fileRef = 9FC12E648BF4089A67BC43DF /* Pods_grinta_grintaUITests.framework */; };
/* End PBXBuildFile section */

/* Begin PBXContainerItemProxy section */
		47FF3D642A98AC17009EB5F6 /* PBXContainerItemProxy */ = {
			isa = PBXContainerItemProxy;
			containerPortal = 47FF3D422A98AC14009EB5F6 /* Project object */;
			proxyType = 1;
			remoteGlobalIDString = 47FF3D492A98AC14009EB5F6;
			remoteInfo = grinta;
		};
		47FF3D6E2A98AC17009EB5F6 /* PBXContainerItemProxy */ = {
			isa = PBXContainerItemProxy;
			containerPortal = 47FF3D422A98AC14009EB5F6 /* Project object */;
			proxyType = 1;
			remoteGlobalIDString = 47FF3D492A98AC14009EB5F6;
			remoteInfo = grinta;
		};
/* End PBXContainerItemProxy section */

/* Begin PBXFileReference section */
		0AD84C41ED267BE5A1640664 /* Pods-grintaTests.release.xcconfig */ = {isa = PBXFileReference; includeInIndex = 1; lastKnownFileType = text.xcconfig; name = "Pods-grintaTests.release.xcconfig"; path = "Target Support Files/Pods-grintaTests/Pods-grintaTests.release.xcconfig"; sourceTree = "<group>"; };
		0FCE8B1B11591B42A14FBDBF /* Pods-grinta-grintaUITests.release.xcconfig */ = {isa = PBXFileReference; includeInIndex = 1; lastKnownFileType = text.xcconfig; name = "Pods-grinta-grintaUITests.release.xcconfig"; path = "Target Support Files/Pods-grinta-grintaUITests/Pods-grinta-grintaUITests.release.xcconfig"; sourceTree = "<group>"; };
		180006F12FF31268600506AD /* Pods-grinta-grintaUITests.debug.xcconfig */ = {isa = PBXFileReference; includeInIndex = 1; lastKnownFileType = text.xcconfig; name = "Pods-grinta-grintaUITests.debug.xcconfig"; path = "Target Support Files/Pods-grinta-grintaUITests/Pods-grinta-grintaUITests.debug.xcconfig"; sourceTree = "<group>"; };
		339FDC0653379AFED4E5CA05 /* Pods-grinta.debug.xcconfig */ = {isa = PBXFileReference; includeInIndex = 1; lastKnownFileType = text.xcconfig; name = "Pods-grinta.debug.xcconfig"; path = "Target Support Files/Pods-grinta/Pods-grinta.debug.xcconfig"; sourceTree = "<group>"; };
		47FF3D4A2A98AC14009EB5F6 /* grinta.app */ = {isa = PBXFileReference; explicitFileType = wrapper.application; includeInIndex = 0; path = grinta.app; sourceTree = BUILT_PRODUCTS_DIR; };
		47FF3D4D2A98AC14009EB5F6 /* AppDelegate.swift */ = {isa = PBXFileReference; lastKnownFileType = sourcecode.swift; path = AppDelegate.swift; sourceTree = "<group>"; };
		47FF3D4F2A98AC14009EB5F6 /* SceneDelegate.swift */ = {isa = PBXFileReference; lastKnownFileType = sourcecode.swift; path = SceneDelegate.swift; sourceTree = "<group>"; };
		47FF3D542A98AC14009EB5F6 /* Base */ = {isa = PBXFileReference; lastKnownFileType = file.storyboard; name = Base; path = Base.lproj/Main.storyboard; sourceTree = "<group>"; };
		47FF3D572A98AC14009EB5F6 /* grinta.xcdatamodel */ = {isa = PBXFileReference; lastKnownFileType = wrapper.xcdatamodel; path = grinta.xcdatamodel; sourceTree = "<group>"; };
		47FF3D592A98AC16009EB5F6 /* Assets.xcassets */ = {isa = PBXFileReference; lastKnownFileType = folder.assetcatalog; path = Assets.xcassets; sourceTree = "<group>"; };
		47FF3D5C2A98AC16009EB5F6 /* Base */ = {isa = PBXFileReference; lastKnownFileType = file.storyboard; name = Base; path = Base.lproj/LaunchScreen.storyboard; sourceTree = "<group>"; };
		47FF3D5E2A98AC16009EB5F6 /* Info.plist */ = {isa = PBXFileReference; lastKnownFileType = text.plist.xml; path = Info.plist; sourceTree = "<group>"; };
		47FF3D632A98AC17009EB5F6 /* grintaTests.xctest */ = {isa = PBXFileReference; explicitFileType = wrapper.cfbundle; includeInIndex = 0; path = grintaTests.xctest; sourceTree = BUILT_PRODUCTS_DIR; };
		47FF3D672A98AC17009EB5F6 /* grintaTests.swift */ = {isa = PBXFileReference; lastKnownFileType = sourcecode.swift; path = grintaTests.swift; sourceTree = "<group>"; };
		47FF3D6D2A98AC17009EB5F6 /* grintaUITests.xctest */ = {isa = PBXFileReference; explicitFileType = wrapper.cfbundle; includeInIndex = 0; path = grintaUITests.xctest; sourceTree = BUILT_PRODUCTS_DIR; };
		47FF3D712A98AC17009EB5F6 /* grintaUITests.swift */ = {isa = PBXFileReference; lastKnownFileType = sourcecode.swift; path = grintaUITests.swift; sourceTree = "<group>"; };
		47FF3D732A98AC17009EB5F6 /* grintaUITestsLaunchTests.swift */ = {isa = PBXFileReference; lastKnownFileType = sourcecode.swift; path = grintaUITestsLaunchTests.swift; sourceTree = "<group>"; };
		47FF3D862A98B770009EB5F6 /* AppConfiguration.swift */ = {isa = PBXFileReference; lastKnownFileType = sourcecode.swift; path = AppConfiguration.swift; sourceTree = "<group>"; };
		47FF3D882A98B8E4009EB5F6 /* NetworkConstants.swift */ = {isa = PBXFileReference; lastKnownFileType = sourcecode.swift; path = NetworkConstants.swift; sourceTree = "<group>"; };
		47FF3D8A2A98BB40009EB5F6 /* BaseAPI.swift */ = {isa = PBXFileReference; lastKnownFileType = sourcecode.swift; path = BaseAPI.swift; sourceTree = "<group>"; };
		47FF3D8C2A98BB51009EB5F6 /* NetworkRouter.swift */ = {isa = PBXFileReference; lastKnownFileType = sourcecode.swift; path = NetworkRouter.swift; sourceTree = "<group>"; };
		47FF3D902A98BD69009EB5F6 /* NetworkManager.swift */ = {isa = PBXFileReference; lastKnownFileType = sourcecode.swift; path = NetworkManager.swift; sourceTree = "<group>"; };
		47FF3D922A98C338009EB5F6 /* NetworkRemoteDataSource.swift */ = {isa = PBXFileReference; lastKnownFileType = sourcecode.swift; path = NetworkRemoteDataSource.swift; sourceTree = "<group>"; };
		47FF3D942A98C4A3009EB5F6 /* ResponseDataModel.swift */ = {isa = PBXFileReference; lastKnownFileType = sourcecode.swift; path = ResponseDataModel.swift; sourceTree = "<group>"; };
		47FF3D962A98DCC0009EB5F6 /* BaseRouter.swift */ = {isa = PBXFileReference; lastKnownFileType = sourcecode.swift; path = BaseRouter.swift; sourceTree = "<group>"; };
		47FF3D982A98DEC7009EB5F6 /* MatchesRepository.swift */ = {isa = PBXFileReference; lastKnownFileType = sourcecode.swift; path = MatchesRepository.swift; sourceTree = "<group>"; };
		47FF3D9A2A98E676009EB5F6 /* MatchesViewController.swift */ = {isa = PBXFileReference; lastKnownFileType = sourcecode.swift; path = MatchesViewController.swift; sourceTree = "<group>"; };
		47FF3D9C2A98ECE6009EB5F6 /* MatchesTableViewCell.swift */ = {isa = PBXFileReference; lastKnownFileType = sourcecode.swift; path = MatchesTableViewCell.swift; sourceTree = "<group>"; };
		47FF3D9E2A98F816009EB5F6 /* MatchesViewModel.swift */ = {isa = PBXFileReference; lastKnownFileType = sourcecode.swift; path = MatchesViewModel.swift; sourceTree = "<group>"; };
		9FC12E648BF4089A67BC43DF /* Pods_grinta_grintaUITests.framework */ = {isa = PBXFileReference; explicitFileType = wrapper.framework; includeInIndex = 0; path = Pods_grinta_grintaUITests.framework; sourceTree = BUILT_PRODUCTS_DIR; };
		B2048943073624426CCF63DC /* Pods-grintaTests.debug.xcconfig */ = {isa = PBXFileReference; includeInIndex = 1; lastKnownFileType = text.xcconfig; name = "Pods-grintaTests.debug.xcconfig"; path = "Target Support Files/Pods-grintaTests/Pods-grintaTests.debug.xcconfig"; sourceTree = "<group>"; };
		B520EB586E905B26DD518079 /* Pods_grintaTests.framework */ = {isa = PBXFileReference; explicitFileType = wrapper.framework; includeInIndex = 0; path = Pods_grintaTests.framework; sourceTree = BUILT_PRODUCTS_DIR; };
		CAB377BEE5899D432267C65A /* Pods-grinta.release.xcconfig */ = {isa = PBXFileReference; includeInIndex = 1; lastKnownFileType = text.xcconfig; name = "Pods-grinta.release.xcconfig"; path = "Target Support Files/Pods-grinta/Pods-grinta.release.xcconfig"; sourceTree = "<group>"; };
		F837A9090903F23E7DEF2ADD /* Pods_grinta.framework */ = {isa = PBXFileReference; explicitFileType = wrapper.framework; includeInIndex = 0; path = Pods_grinta.framework; sourceTree = BUILT_PRODUCTS_DIR; };
/* End PBXFileReference section */

/* Begin PBXFrameworksBuildPhase section */
		47FF3D472A98AC14009EB5F6 /* Frameworks */ = {
			isa = PBXFrameworksBuildPhase;
			buildActionMask = 2147483647;
			files = (
				1888AD1BA18FA6A63DA70033 /* Pods_grinta.framework in Frameworks */,
			);
			runOnlyForDeploymentPostprocessing = 0;
		};
		47FF3D602A98AC17009EB5F6 /* Frameworks */ = {
			isa = PBXFrameworksBuildPhase;
			buildActionMask = 2147483647;
			files = (
				28C533C0287C581B9A103E0A /* Pods_grintaTests.framework in Frameworks */,
			);
			runOnlyForDeploymentPostprocessing = 0;
		};
		47FF3D6A2A98AC17009EB5F6 /* Frameworks */ = {
			isa = PBXFrameworksBuildPhase;
			buildActionMask = 2147483647;
			files = (
				549C55C2B32C1B1FBE9E4367 /* Pods_grinta_grintaUITests.framework in Frameworks */,
			);
			runOnlyForDeploymentPostprocessing = 0;
		};
/* End PBXFrameworksBuildPhase section */

/* Begin PBXGroup section */
		2BB12076F30F2D02B394C33F /* Pods */ = {
			isa = PBXGroup;
			children = (
				339FDC0653379AFED4E5CA05 /* Pods-grinta.debug.xcconfig */,
				CAB377BEE5899D432267C65A /* Pods-grinta.release.xcconfig */,
				180006F12FF31268600506AD /* Pods-grinta-grintaUITests.debug.xcconfig */,
				0FCE8B1B11591B42A14FBDBF /* Pods-grinta-grintaUITests.release.xcconfig */,
				B2048943073624426CCF63DC /* Pods-grintaTests.debug.xcconfig */,
				0AD84C41ED267BE5A1640664 /* Pods-grintaTests.release.xcconfig */,
			);
			path = Pods;
			sourceTree = "<group>";
		};
		37A7744168B0ED1AB64B1255 /* Frameworks */ = {
			isa = PBXGroup;
			children = (
				F837A9090903F23E7DEF2ADD /* Pods_grinta.framework */,
				9FC12E648BF4089A67BC43DF /* Pods_grinta_grintaUITests.framework */,
				B520EB586E905B26DD518079 /* Pods_grintaTests.framework */,
			);
			name = Frameworks;
			sourceTree = "<group>";
		};
		47FF3D412A98AC14009EB5F6 = {
			isa = PBXGroup;
			children = (
				47FF3D4C2A98AC14009EB5F6 /* grinta */,
				47FF3D662A98AC17009EB5F6 /* grintaTests */,
				47FF3D702A98AC17009EB5F6 /* grintaUITests */,
				47FF3D4B2A98AC14009EB5F6 /* Products */,
				2BB12076F30F2D02B394C33F /* Pods */,
				37A7744168B0ED1AB64B1255 /* Frameworks */,
			);
			sourceTree = "<group>";
		};
		47FF3D4B2A98AC14009EB5F6 /* Products */ = {
			isa = PBXGroup;
			children = (
				47FF3D4A2A98AC14009EB5F6 /* grinta.app */,
				47FF3D632A98AC17009EB5F6 /* grintaTests.xctest */,
				47FF3D6D2A98AC17009EB5F6 /* grintaUITests.xctest */,
			);
			name = Products;
			sourceTree = "<group>";
		};
		47FF3D4C2A98AC14009EB5F6 /* grinta */ = {
			isa = PBXGroup;
			children = (
				47FF3D812A98B00F009EB5F6 /* NetworkLayer */,
				47FF3D8E2A98BD40009EB5F6 /* Global */,
				47FF3D832A98B026009EB5F6 /* Modules */,
				47FF3D822A98B01C009EB5F6 /* Models */,
				47FF3D5B2A98AC16009EB5F6 /* LaunchScreen.storyboard */,
				47FF3D5E2A98AC16009EB5F6 /* Info.plist */,
				47FF3D562A98AC14009EB5F6 /* grinta.xcdatamodeld */,
				47FF3D802A98AEDE009EB5F6 /* SupportingFiles */,
			);
			path = grinta;
			sourceTree = "<group>";
		};
		47FF3D662A98AC17009EB5F6 /* grintaTests */ = {
			isa = PBXGroup;
			children = (
				47FF3D672A98AC17009EB5F6 /* grintaTests.swift */,
			);
			path = grintaTests;
			sourceTree = "<group>";
		};
		47FF3D702A98AC17009EB5F6 /* grintaUITests */ = {
			isa = PBXGroup;
			children = (
				47FF3D712A98AC17009EB5F6 /* grintaUITests.swift */,
				47FF3D732A98AC17009EB5F6 /* grintaUITestsLaunchTests.swift */,
			);
			path = grintaUITests;
			sourceTree = "<group>";
		};
		47FF3D802A98AEDE009EB5F6 /* SupportingFiles */ = {
			isa = PBXGroup;
			children = (
				47FF3D4D2A98AC14009EB5F6 /* AppDelegate.swift */,
				47FF3D4F2A98AC14009EB5F6 /* SceneDelegate.swift */,
				47FF3D862A98B770009EB5F6 /* AppConfiguration.swift */,
				47FF3D592A98AC16009EB5F6 /* Assets.xcassets */,
			);
			path = SupportingFiles;
			sourceTree = "<group>";
		};
		47FF3D812A98B00F009EB5F6 /* NetworkLayer */ = {
			isa = PBXGroup;
			children = (
				47FF3D842A98B15E009EB5F6 /* Remote */,
				47FF3D852A98B167009EB5F6 /* Local */,
				47FF3D882A98B8E4009EB5F6 /* NetworkConstants.swift */,
				47FF3D982A98DEC7009EB5F6 /* MatchesRepository.swift */,
				47FF3DA12A99F872009EB5F6 /* RemoteBase */,
			);
			path = NetworkLayer;
			sourceTree = "<group>";
		};
		47FF3D822A98B01C009EB5F6 /* Models */ = {
			isa = PBXGroup;
			children = (
				47FF3D942A98C4A3009EB5F6 /* ResponseDataModel.swift */,
			);
			path = Models;
			sourceTree = "<group>";
		};
		47FF3D832A98B026009EB5F6 /* Modules */ = {
			isa = PBXGroup;
			children = (
				47FF3DA22A99F8D8009EB5F6 /* MatchesListView */,
			);
			path = Modules;
			sourceTree = "<group>";
		};
		47FF3D842A98B15E009EB5F6 /* Remote */ = {
			isa = PBXGroup;
			children = (
				47FF3D8C2A98BB51009EB5F6 /* NetworkRouter.swift */,
				47FF3D922A98C338009EB5F6 /* NetworkRemoteDataSource.swift */,
			);
			path = Remote;
			sourceTree = "<group>";
		};
		47FF3D852A98B167009EB5F6 /* Local */ = {
			isa = PBXGroup;
			children = (
			);
			path = Local;
			sourceTree = "<group>";
		};
		47FF3D8E2A98BD40009EB5F6 /* Global */ = {
			isa = PBXGroup;
			children = (
				47FF3DA02A994190009EB5F6 /* Helpers */,
				47FF3D8F2A98BD52009EB5F6 /* Managers */,
			);
			path = Global;
			sourceTree = "<group>";
		};
		47FF3D8F2A98BD52009EB5F6 /* Managers */ = {
			isa = PBXGroup;
			children = (
				47FF3D902A98BD69009EB5F6 /* NetworkManager.swift */,
			);
			path = Managers;
			sourceTree = "<group>";
		};
		47FF3DA02A994190009EB5F6 /* Helpers */ = {
			isa = PBXGroup;
			children = (
			);
			path = Helpers;
			sourceTree = "<group>";
		};
		47FF3DA12A99F872009EB5F6 /* RemoteBase */ = {
			isa = PBXGroup;
			children = (
				47FF3D8A2A98BB40009EB5F6 /* BaseAPI.swift */,
				47FF3D962A98DCC0009EB5F6 /* BaseRouter.swift */,
			);
			path = RemoteBase;
			sourceTree = "<group>";
		};
		47FF3DA22A99F8D8009EB5F6 /* MatchesListView */ = {
			isa = PBXGroup;
			children = (
				47FF3D532A98AC14009EB5F6 /* Main.storyboard */,
				47FF3D9A2A98E676009EB5F6 /* MatchesViewController.swift */,
				47FF3D9C2A98ECE6009EB5F6 /* MatchesTableViewCell.swift */,
				47FF3D9E2A98F816009EB5F6 /* MatchesViewModel.swift */,
			);
			path = MatchesListView;
			sourceTree = "<group>";
		};
/* End PBXGroup section */

/* Begin PBXNativeTarget section */
		47FF3D492A98AC14009EB5F6 /* grinta */ = {
			isa = PBXNativeTarget;
			buildConfigurationList = 47FF3D772A98AC17009EB5F6 /* Build configuration list for PBXNativeTarget "grinta" */;
			buildPhases = (
				AC4EE7C201E3D2D6C9BEE68A /* [CP] Check Pods Manifest.lock */,
				47FF3D462A98AC14009EB5F6 /* Sources */,
				47FF3D472A98AC14009EB5F6 /* Frameworks */,
				47FF3D482A98AC14009EB5F6 /* Resources */,
				EF97969BF06CA1743E500BAE /* [CP] Embed Pods Frameworks */,
			);
			buildRules = (
			);
			dependencies = (
			);
			name = grinta;
			productName = grinta;
			productReference = 47FF3D4A2A98AC14009EB5F6 /* grinta.app */;
			productType = "com.apple.product-type.application";
		};
		47FF3D622A98AC17009EB5F6 /* grintaTests */ = {
			isa = PBXNativeTarget;
			buildConfigurationList = 47FF3D7A2A98AC17009EB5F6 /* Build configuration list for PBXNativeTarget "grintaTests" */;
			buildPhases = (
				C920A7E191894F8A856837AD /* [CP] Check Pods Manifest.lock */,
				47FF3D5F2A98AC17009EB5F6 /* Sources */,
				47FF3D602A98AC17009EB5F6 /* Frameworks */,
				47FF3D612A98AC17009EB5F6 /* Resources */,
			);
			buildRules = (
			);
			dependencies = (
				47FF3D652A98AC17009EB5F6 /* PBXTargetDependency */,
			);
			name = grintaTests;
			productName = grintaTests;
			productReference = 47FF3D632A98AC17009EB5F6 /* grintaTests.xctest */;
			productType = "com.apple.product-type.bundle.unit-test";
		};
		47FF3D6C2A98AC17009EB5F6 /* grintaUITests */ = {
			isa = PBXNativeTarget;
			buildConfigurationList = 47FF3D7D2A98AC17009EB5F6 /* Build configuration list for PBXNativeTarget "grintaUITests" */;
			buildPhases = (
				6A781732C7F299D39A089583 /* [CP] Check Pods Manifest.lock */,
				47FF3D692A98AC17009EB5F6 /* Sources */,
				47FF3D6A2A98AC17009EB5F6 /* Frameworks */,
				47FF3D6B2A98AC17009EB5F6 /* Resources */,
				B37F6E739DC83190BDAA7FC3 /* [CP] Embed Pods Frameworks */,
			);
			buildRules = (
			);
			dependencies = (
				47FF3D6F2A98AC17009EB5F6 /* PBXTargetDependency */,
			);
			name = grintaUITests;
			productName = grintaUITests;
			productReference = 47FF3D6D2A98AC17009EB5F6 /* grintaUITests.xctest */;
			productType = "com.apple.product-type.bundle.ui-testing";
		};
/* End PBXNativeTarget section */

/* Begin PBXProject section */
		47FF3D422A98AC14009EB5F6 /* Project object */ = {
			isa = PBXProject;
			attributes = {
				BuildIndependentTargetsInParallel = 1;
				LastSwiftUpdateCheck = 1430;
				LastUpgradeCheck = 1430;
				TargetAttributes = {
					47FF3D492A98AC14009EB5F6 = {
						CreatedOnToolsVersion = 14.3.1;
					};
					47FF3D622A98AC17009EB5F6 = {
						CreatedOnToolsVersion = 14.3.1;
						TestTargetID = 47FF3D492A98AC14009EB5F6;
					};
					47FF3D6C2A98AC17009EB5F6 = {
						CreatedOnToolsVersion = 14.3.1;
						TestTargetID = 47FF3D492A98AC14009EB5F6;
					};
				};
			};
			buildConfigurationList = 47FF3D452A98AC14009EB5F6 /* Build configuration list for PBXProject "grinta" */;
			compatibilityVersion = "Xcode 14.0";
			developmentRegion = en;
			hasScannedForEncodings = 0;
			knownRegions = (
				en,
				Base,
			);
			mainGroup = 47FF3D412A98AC14009EB5F6;
			productRefGroup = 47FF3D4B2A98AC14009EB5F6 /* Products */;
			projectDirPath = "";
			projectRoot = "";
			targets = (
				47FF3D492A98AC14009EB5F6 /* grinta */,
				47FF3D622A98AC17009EB5F6 /* grintaTests */,
				47FF3D6C2A98AC17009EB5F6 /* grintaUITests */,
			);
		};
/* End PBXProject section */

/* Begin PBXResourcesBuildPhase section */
		47FF3D482A98AC14009EB5F6 /* Resources */ = {
			isa = PBXResourcesBuildPhase;
			buildActionMask = 2147483647;
			files = (
				47FF3D5D2A98AC16009EB5F6 /* LaunchScreen.storyboard in Resources */,
				47FF3D5A2A98AC16009EB5F6 /* Assets.xcassets in Resources */,
				47FF3D552A98AC14009EB5F6 /* Main.storyboard in Resources */,
			);
			runOnlyForDeploymentPostprocessing = 0;
		};
		47FF3D612A98AC17009EB5F6 /* Resources */ = {
			isa = PBXResourcesBuildPhase;
			buildActionMask = 2147483647;
			files = (
			);
			runOnlyForDeploymentPostprocessing = 0;
		};
		47FF3D6B2A98AC17009EB5F6 /* Resources */ = {
			isa = PBXResourcesBuildPhase;
			buildActionMask = 2147483647;
			files = (
			);
			runOnlyForDeploymentPostprocessing = 0;
		};
/* End PBXResourcesBuildPhase section */

/* Begin PBXShellScriptBuildPhase section */
		6A781732C7F299D39A089583 /* [CP] Check Pods Manifest.lock */ = {
			isa = PBXShellScriptBuildPhase;
			buildActionMask = 2147483647;
			files = (
			);
			inputFileListPaths = (
			);
			inputPaths = (
				"${PODS_PODFILE_DIR_PATH}/Podfile.lock",
				"${PODS_ROOT}/Manifest.lock",
			);
			name = "[CP] Check Pods Manifest.lock";
			outputFileListPaths = (
			);
			outputPaths = (
				"$(DERIVED_FILE_DIR)/Pods-grinta-grintaUITests-checkManifestLockResult.txt",
			);
			runOnlyForDeploymentPostprocessing = 0;
			shellPath = /bin/sh;
			shellScript = "diff \"${PODS_PODFILE_DIR_PATH}/Podfile.lock\" \"${PODS_ROOT}/Manifest.lock\" > /dev/null\nif [ $? != 0 ] ; then\n    # print error to STDERR\n    echo \"error: The sandbox is not in sync with the Podfile.lock. Run 'pod install' or update your CocoaPods installation.\" >&2\n    exit 1\nfi\n# This output is used by Xcode 'outputs' to avoid re-running this script phase.\necho \"SUCCESS\" > \"${SCRIPT_OUTPUT_FILE_0}\"\n";
			showEnvVarsInLog = 0;
		};
		AC4EE7C201E3D2D6C9BEE68A /* [CP] Check Pods Manifest.lock */ = {
			isa = PBXShellScriptBuildPhase;
			buildActionMask = 2147483647;
			files = (
			);
			inputFileListPaths = (
			);
			inputPaths = (
				"${PODS_PODFILE_DIR_PATH}/Podfile.lock",
				"${PODS_ROOT}/Manifest.lock",
			);
			name = "[CP] Check Pods Manifest.lock";
			outputFileListPaths = (
			);
			outputPaths = (
				"$(DERIVED_FILE_DIR)/Pods-grinta-checkManifestLockResult.txt",
			);
			runOnlyForDeploymentPostprocessing = 0;
			shellPath = /bin/sh;
			shellScript = "diff \"${PODS_PODFILE_DIR_PATH}/Podfile.lock\" \"${PODS_ROOT}/Manifest.lock\" > /dev/null\nif [ $? != 0 ] ; then\n    # print error to STDERR\n    echo \"error: The sandbox is not in sync with the Podfile.lock. Run 'pod install' or update your CocoaPods installation.\" >&2\n    exit 1\nfi\n# This output is used by Xcode 'outputs' to avoid re-running this script phase.\necho \"SUCCESS\" > \"${SCRIPT_OUTPUT_FILE_0}\"\n";
			showEnvVarsInLog = 0;
		};
		B37F6E739DC83190BDAA7FC3 /* [CP] Embed Pods Frameworks */ = {
			isa = PBXShellScriptBuildPhase;
			buildActionMask = 2147483647;
			files = (
			);
			inputFileListPaths = (
				"${PODS_ROOT}/Target Support Files/Pods-grinta-grintaUITests/Pods-grinta-grintaUITests-frameworks-${CONFIGURATION}-input-files.xcfilelist",
			);
			name = "[CP] Embed Pods Frameworks";
			outputFileListPaths = (
				"${PODS_ROOT}/Target Support Files/Pods-grinta-grintaUITests/Pods-grinta-grintaUITests-frameworks-${CONFIGURATION}-output-files.xcfilelist",
			);
			runOnlyForDeploymentPostprocessing = 0;
			shellPath = /bin/sh;
			shellScript = "\"${PODS_ROOT}/Target Support Files/Pods-grinta-grintaUITests/Pods-grinta-grintaUITests-frameworks.sh\"\n";
			showEnvVarsInLog = 0;
		};
		C920A7E191894F8A856837AD /* [CP] Check Pods Manifest.lock */ = {
			isa = PBXShellScriptBuildPhase;
			buildActionMask = 2147483647;
			files = (
			);
			inputFileListPaths = (
			);
			inputPaths = (
				"${PODS_PODFILE_DIR_PATH}/Podfile.lock",
				"${PODS_ROOT}/Manifest.lock",
			);
			name = "[CP] Check Pods Manifest.lock";
			outputFileListPaths = (
			);
			outputPaths = (
				"$(DERIVED_FILE_DIR)/Pods-grintaTests-checkManifestLockResult.txt",
			);
			runOnlyForDeploymentPostprocessing = 0;
			shellPath = /bin/sh;
			shellScript = "diff \"${PODS_PODFILE_DIR_PATH}/Podfile.lock\" \"${PODS_ROOT}/Manifest.lock\" > /dev/null\nif [ $? != 0 ] ; then\n    # print error to STDERR\n    echo \"error: The sandbox is not in sync with the Podfile.lock. Run 'pod install' or update your CocoaPods installation.\" >&2\n    exit 1\nfi\n# This output is used by Xcode 'outputs' to avoid re-running this script phase.\necho \"SUCCESS\" > \"${SCRIPT_OUTPUT_FILE_0}\"\n";
			showEnvVarsInLog = 0;
		};
		EF97969BF06CA1743E500BAE /* [CP] Embed Pods Frameworks */ = {
			isa = PBXShellScriptBuildPhase;
			buildActionMask = 2147483647;
			files = (
			);
			inputFileListPaths = (
				"${PODS_ROOT}/Target Support Files/Pods-grinta/Pods-grinta-frameworks-${CONFIGURATION}-input-files.xcfilelist",
			);
			name = "[CP] Embed Pods Frameworks";
			outputFileListPaths = (
				"${PODS_ROOT}/Target Support Files/Pods-grinta/Pods-grinta-frameworks-${CONFIGURATION}-output-files.xcfilelist",
			);
			runOnlyForDeploymentPostprocessing = 0;
			shellPath = /bin/sh;
			shellScript = "\"${PODS_ROOT}/Target Support Files/Pods-grinta/Pods-grinta-frameworks.sh\"\n";
			showEnvVarsInLog = 0;
		};
/* End PBXShellScriptBuildPhase section */

/* Begin PBXSourcesBuildPhase section */
		47FF3D462A98AC14009EB5F6 /* Sources */ = {
			isa = PBXSourcesBuildPhase;
			buildActionMask = 2147483647;
			files = (
				47FF3D9B2A98E676009EB5F6 /* MatchesViewController.swift in Sources */,
				47FF3D912A98BD69009EB5F6 /* NetworkManager.swift in Sources */,
				47FF3D892A98B8E4009EB5F6 /* NetworkConstants.swift in Sources */,
				47FF3D952A98C4A3009EB5F6 /* ResponseDataModel.swift in Sources */,
				47FF3D8D2A98BB51009EB5F6 /* NetworkRouter.swift in Sources */,
				47FF3D9D2A98ECE6009EB5F6 /* MatchesTableViewCell.swift in Sources */,
				47FF3D9F2A98F816009EB5F6 /* MatchesViewModel.swift in Sources */,
				47FF3D582A98AC14009EB5F6 /* grinta.xcdatamodeld in Sources */,
				47FF3D872A98B770009EB5F6 /* AppConfiguration.swift in Sources */,
				47FF3D8B2A98BB40009EB5F6 /* BaseAPI.swift in Sources */,
				47FF3D972A98DCC0009EB5F6 /* BaseRouter.swift in Sources */,
				47FF3D932A98C338009EB5F6 /* NetworkRemoteDataSource.swift in Sources */,
				47FF3D4E2A98AC14009EB5F6 /* AppDelegate.swift in Sources */,
				47FF3D992A98DEC7009EB5F6 /* MatchesRepository.swift in Sources */,
				47FF3D502A98AC14009EB5F6 /* SceneDelegate.swift in Sources */,
			);
			runOnlyForDeploymentPostprocessing = 0;
		};
		47FF3D5F2A98AC17009EB5F6 /* Sources */ = {
			isa = PBXSourcesBuildPhase;
			buildActionMask = 2147483647;
			files = (
				47FF3D682A98AC17009EB5F6 /* grintaTests.swift in Sources */,
			);
			runOnlyForDeploymentPostprocessing = 0;
		};
		47FF3D692A98AC17009EB5F6 /* Sources */ = {
			isa = PBXSourcesBuildPhase;
			buildActionMask = 2147483647;
			files = (
				47FF3D722A98AC17009EB5F6 /* grintaUITests.swift in Sources */,
				47FF3D742A98AC17009EB5F6 /* grintaUITestsLaunchTests.swift in Sources */,
			);
			runOnlyForDeploymentPostprocessing = 0;
		};
/* End PBXSourcesBuildPhase section */

/* Begin PBXTargetDependency section */
		47FF3D652A98AC17009EB5F6 /* PBXTargetDependency */ = {
			isa = PBXTargetDependency;
			target = 47FF3D492A98AC14009EB5F6 /* grinta */;
			targetProxy = 47FF3D642A98AC17009EB5F6 /* PBXContainerItemProxy */;
		};
		47FF3D6F2A98AC17009EB5F6 /* PBXTargetDependency */ = {
			isa = PBXTargetDependency;
			target = 47FF3D492A98AC14009EB5F6 /* grinta */;
			targetProxy = 47FF3D6E2A98AC17009EB5F6 /* PBXContainerItemProxy */;
		};
/* End PBXTargetDependency section */

/* Begin PBXVariantGroup section */
		47FF3D532A98AC14009EB5F6 /* Main.storyboard */ = {
			isa = PBXVariantGroup;
			children = (
				47FF3D542A98AC14009EB5F6 /* Base */,
			);
			name = Main.storyboard;
			sourceTree = "<group>";
		};
		47FF3D5B2A98AC16009EB5F6 /* LaunchScreen.storyboard */ = {
			isa = PBXVariantGroup;
			children = (
				47FF3D5C2A98AC16009EB5F6 /* Base */,
			);
			name = LaunchScreen.storyboard;
			sourceTree = "<group>";
		};
/* End PBXVariantGroup section */

/* Begin XCBuildConfiguration section */
		47FF3D752A98AC17009EB5F6 /* Debug */ = {
			isa = XCBuildConfiguration;
			buildSettings = {
				ALWAYS_SEARCH_USER_PATHS = NO;
				CLANG_ANALYZER_NONNULL = YES;
				CLANG_ANALYZER_NUMBER_OBJECT_CONVERSION = YES_AGGRESSIVE;
				CLANG_CXX_LANGUAGE_STANDARD = "gnu++20";
				CLANG_ENABLE_MODULES = YES;
				CLANG_ENABLE_OBJC_ARC = YES;
				CLANG_ENABLE_OBJC_WEAK = YES;
				CLANG_WARN_BLOCK_CAPTURE_AUTORELEASING = YES;
				CLANG_WARN_BOOL_CONVERSION = YES;
				CLANG_WARN_COMMA = YES;
				CLANG_WARN_CONSTANT_CONVERSION = YES;
				CLANG_WARN_DEPRECATED_OBJC_IMPLEMENTATIONS = YES;
				CLANG_WARN_DIRECT_OBJC_ISA_USAGE = YES_ERROR;
				CLANG_WARN_DOCUMENTATION_COMMENTS = YES;
				CLANG_WARN_EMPTY_BODY = YES;
				CLANG_WARN_ENUM_CONVERSION = YES;
				CLANG_WARN_INFINITE_RECURSION = YES;
				CLANG_WARN_INT_CONVERSION = YES;
				CLANG_WARN_NON_LITERAL_NULL_CONVERSION = YES;
				CLANG_WARN_OBJC_IMPLICIT_RETAIN_SELF = YES;
				CLANG_WARN_OBJC_LITERAL_CONVERSION = YES;
				CLANG_WARN_OBJC_ROOT_CLASS = YES_ERROR;
				CLANG_WARN_QUOTED_INCLUDE_IN_FRAMEWORK_HEADER = YES;
				CLANG_WARN_RANGE_LOOP_ANALYSIS = YES;
				CLANG_WARN_STRICT_PROTOTYPES = YES;
				CLANG_WARN_SUSPICIOUS_MOVE = YES;
				CLANG_WARN_UNGUARDED_AVAILABILITY = YES_AGGRESSIVE;
				CLANG_WARN_UNREACHABLE_CODE = YES;
				CLANG_WARN__DUPLICATE_METHOD_MATCH = YES;
				COPY_PHASE_STRIP = NO;
				DEBUG_INFORMATION_FORMAT = dwarf;
				ENABLE_STRICT_OBJC_MSGSEND = YES;
				ENABLE_TESTABILITY = YES;
				GCC_C_LANGUAGE_STANDARD = gnu11;
				GCC_DYNAMIC_NO_PIC = NO;
				GCC_NO_COMMON_BLOCKS = YES;
				GCC_OPTIMIZATION_LEVEL = 0;
				GCC_PREPROCESSOR_DEFINITIONS = (
					"DEBUG=1",
					"$(inherited)",
				);
				GCC_WARN_64_TO_32_BIT_CONVERSION = YES;
				GCC_WARN_ABOUT_RETURN_TYPE = YES_ERROR;
				GCC_WARN_UNDECLARED_SELECTOR = YES;
				GCC_WARN_UNINITIALIZED_AUTOS = YES_AGGRESSIVE;
				GCC_WARN_UNUSED_FUNCTION = YES;
				GCC_WARN_UNUSED_VARIABLE = YES;
				IPHONEOS_DEPLOYMENT_TARGET = 16.4;
				MTL_ENABLE_DEBUG_INFO = INCLUDE_SOURCE;
				MTL_FAST_MATH = YES;
				ONLY_ACTIVE_ARCH = YES;
				SDKROOT = iphoneos;
				SWIFT_ACTIVE_COMPILATION_CONDITIONS = DEBUG;
				SWIFT_OPTIMIZATION_LEVEL = "-Onone";
			};
			name = Debug;
		};
		47FF3D762A98AC17009EB5F6 /* Release */ = {
			isa = XCBuildConfiguration;
			buildSettings = {
				ALWAYS_SEARCH_USER_PATHS = NO;
				CLANG_ANALYZER_NONNULL = YES;
				CLANG_ANALYZER_NUMBER_OBJECT_CONVERSION = YES_AGGRESSIVE;
				CLANG_CXX_LANGUAGE_STANDARD = "gnu++20";
				CLANG_ENABLE_MODULES = YES;
				CLANG_ENABLE_OBJC_ARC = YES;
				CLANG_ENABLE_OBJC_WEAK = YES;
				CLANG_WARN_BLOCK_CAPTURE_AUTORELEASING = YES;
				CLANG_WARN_BOOL_CONVERSION = YES;
				CLANG_WARN_COMMA = YES;
				CLANG_WARN_CONSTANT_CONVERSION = YES;
				CLANG_WARN_DEPRECATED_OBJC_IMPLEMENTATIONS = YES;
				CLANG_WARN_DIRECT_OBJC_ISA_USAGE = YES_ERROR;
				CLANG_WARN_DOCUMENTATION_COMMENTS = YES;
				CLANG_WARN_EMPTY_BODY = YES;
				CLANG_WARN_ENUM_CONVERSION = YES;
				CLANG_WARN_INFINITE_RECURSION = YES;
				CLANG_WARN_INT_CONVERSION = YES;
				CLANG_WARN_NON_LITERAL_NULL_CONVERSION = YES;
				CLANG_WARN_OBJC_IMPLICIT_RETAIN_SELF = YES;
				CLANG_WARN_OBJC_LITERAL_CONVERSION = YES;
				CLANG_WARN_OBJC_ROOT_CLASS = YES_ERROR;
				CLANG_WARN_QUOTED_INCLUDE_IN_FRAMEWORK_HEADER = YES;
				CLANG_WARN_RANGE_LOOP_ANALYSIS = YES;
				CLANG_WARN_STRICT_PROTOTYPES = YES;
				CLANG_WARN_SUSPICIOUS_MOVE = YES;
				CLANG_WARN_UNGUARDED_AVAILABILITY = YES_AGGRESSIVE;
				CLANG_WARN_UNREACHABLE_CODE = YES;
				CLANG_WARN__DUPLICATE_METHOD_MATCH = YES;
				COPY_PHASE_STRIP = NO;
				DEBUG_INFORMATION_FORMAT = "dwarf-with-dsym";
				ENABLE_NS_ASSERTIONS = NO;
				ENABLE_STRICT_OBJC_MSGSEND = YES;
				GCC_C_LANGUAGE_STANDARD = gnu11;
				GCC_NO_COMMON_BLOCKS = YES;
				GCC_WARN_64_TO_32_BIT_CONVERSION = YES;
				GCC_WARN_ABOUT_RETURN_TYPE = YES_ERROR;
				GCC_WARN_UNDECLARED_SELECTOR = YES;
				GCC_WARN_UNINITIALIZED_AUTOS = YES_AGGRESSIVE;
				GCC_WARN_UNUSED_FUNCTION = YES;
				GCC_WARN_UNUSED_VARIABLE = YES;
				IPHONEOS_DEPLOYMENT_TARGET = 16.4;
				MTL_ENABLE_DEBUG_INFO = NO;
				MTL_FAST_MATH = YES;
				SDKROOT = iphoneos;
				SWIFT_COMPILATION_MODE = wholemodule;
				SWIFT_OPTIMIZATION_LEVEL = "-O";
				VALIDATE_PRODUCT = YES;
			};
			name = Release;
		};
		47FF3D782A98AC17009EB5F6 /* Debug */ = {
			isa = XCBuildConfiguration;
			baseConfigurationReference = 339FDC0653379AFED4E5CA05 /* Pods-grinta.debug.xcconfig */;
			buildSettings = {
				ASSETCATALOG_COMPILER_APPICON_NAME = AppIcon;
				ASSETCATALOG_COMPILER_GLOBAL_ACCENT_COLOR_NAME = AccentColor;
				CODE_SIGN_STYLE = Automatic;
				CURRENT_PROJECT_VERSION = 1;
				DEVELOPMENT_TEAM = F9688795K2;
				GENERATE_INFOPLIST_FILE = YES;
				INFOPLIST_FILE = grinta/Info.plist;
				INFOPLIST_KEY_UIApplicationSupportsIndirectInputEvents = YES;
				INFOPLIST_KEY_UILaunchStoryboardName = LaunchScreen;
				INFOPLIST_KEY_UIMainStoryboardFile = Main;
				INFOPLIST_KEY_UISupportedInterfaceOrientations_iPad = "UIInterfaceOrientationPortrait UIInterfaceOrientationPortraitUpsideDown UIInterfaceOrientationLandscapeLeft UIInterfaceOrientationLandscapeRight";
				INFOPLIST_KEY_UISupportedInterfaceOrientations_iPhone = "UIInterfaceOrientationPortrait UIInterfaceOrientationLandscapeLeft UIInterfaceOrientationLandscapeRight";
				LD_RUNPATH_SEARCH_PATHS = (
					"$(inherited)",
					"@executable_path/Frameworks",
				);
				MARKETING_VERSION = 1.0;
				PRODUCT_BUNDLE_IDENTIFIER = personal.grinta;
				PRODUCT_NAME = "$(TARGET_NAME)";
				SWIFT_EMIT_LOC_STRINGS = YES;
				SWIFT_VERSION = 5.0;
				TARGETED_DEVICE_FAMILY = "1,2";
			};
			name = Debug;
		};
		47FF3D792A98AC17009EB5F6 /* Release */ = {
			isa = XCBuildConfiguration;
			baseConfigurationReference = CAB377BEE5899D432267C65A /* Pods-grinta.release.xcconfig */;
			buildSettings = {
				ASSETCATALOG_COMPILER_APPICON_NAME = AppIcon;
				ASSETCATALOG_COMPILER_GLOBAL_ACCENT_COLOR_NAME = AccentColor;
				CODE_SIGN_STYLE = Automatic;
				CURRENT_PROJECT_VERSION = 1;
				DEVELOPMENT_TEAM = F9688795K2;
				GENERATE_INFOPLIST_FILE = YES;
				INFOPLIST_FILE = grinta/Info.plist;
				INFOPLIST_KEY_UIApplicationSupportsIndirectInputEvents = YES;
				INFOPLIST_KEY_UILaunchStoryboardName = LaunchScreen;
				INFOPLIST_KEY_UIMainStoryboardFile = Main;
				INFOPLIST_KEY_UISupportedInterfaceOrientations_iPad = "UIInterfaceOrientationPortrait UIInterfaceOrientationPortraitUpsideDown UIInterfaceOrientationLandscapeLeft UIInterfaceOrientationLandscapeRight";
				INFOPLIST_KEY_UISupportedInterfaceOrientations_iPhone = "UIInterfaceOrientationPortrait UIInterfaceOrientationLandscapeLeft UIInterfaceOrientationLandscapeRight";
				LD_RUNPATH_SEARCH_PATHS = (
					"$(inherited)",
					"@executable_path/Frameworks",
				);
				MARKETING_VERSION = 1.0;
				PRODUCT_BUNDLE_IDENTIFIER = personal.grinta;
				PRODUCT_NAME = "$(TARGET_NAME)";
				SWIFT_EMIT_LOC_STRINGS = YES;
				SWIFT_VERSION = 5.0;
				TARGETED_DEVICE_FAMILY = "1,2";
			};
			name = Release;
		};
		47FF3D7B2A98AC17009EB5F6 /* Debug */ = {
			isa = XCBuildConfiguration;
			baseConfigurationReference = B2048943073624426CCF63DC /* Pods-grintaTests.debug.xcconfig */;
			buildSettings = {
				ALWAYS_EMBED_SWIFT_STANDARD_LIBRARIES = YES;
				BUNDLE_LOADER = "$(TEST_HOST)";
				CODE_SIGN_STYLE = Automatic;
				CURRENT_PROJECT_VERSION = 1;
				DEVELOPMENT_TEAM = F9688795K2;
				GENERATE_INFOPLIST_FILE = YES;
				IPHONEOS_DEPLOYMENT_TARGET = 16.4;
				MARKETING_VERSION = 1.0;
				PRODUCT_BUNDLE_IDENTIFIER = personal.grintaTests;
				PRODUCT_NAME = "$(TARGET_NAME)";
				SWIFT_EMIT_LOC_STRINGS = NO;
				SWIFT_VERSION = 5.0;
				TARGETED_DEVICE_FAMILY = "1,2";
				TEST_HOST = "$(BUILT_PRODUCTS_DIR)/grinta.app/$(BUNDLE_EXECUTABLE_FOLDER_PATH)/grinta";
			};
			name = Debug;
		};
		47FF3D7C2A98AC17009EB5F6 /* Release */ = {
			isa = XCBuildConfiguration;
			baseConfigurationReference = 0AD84C41ED267BE5A1640664 /* Pods-grintaTests.release.xcconfig */;
			buildSettings = {
				ALWAYS_EMBED_SWIFT_STANDARD_LIBRARIES = YES;
				BUNDLE_LOADER = "$(TEST_HOST)";
				CODE_SIGN_STYLE = Automatic;
				CURRENT_PROJECT_VERSION = 1;
				DEVELOPMENT_TEAM = F9688795K2;
				GENERATE_INFOPLIST_FILE = YES;
				IPHONEOS_DEPLOYMENT_TARGET = 16.4;
				MARKETING_VERSION = 1.0;
				PRODUCT_BUNDLE_IDENTIFIER = personal.grintaTests;
				PRODUCT_NAME = "$(TARGET_NAME)";
				SWIFT_EMIT_LOC_STRINGS = NO;
				SWIFT_VERSION = 5.0;
				TARGETED_DEVICE_FAMILY = "1,2";
				TEST_HOST = "$(BUILT_PRODUCTS_DIR)/grinta.app/$(BUNDLE_EXECUTABLE_FOLDER_PATH)/grinta";
			};
			name = Release;
		};
		47FF3D7E2A98AC17009EB5F6 /* Debug */ = {
			isa = XCBuildConfiguration;
			baseConfigurationReference = 180006F12FF31268600506AD /* Pods-grinta-grintaUITests.debug.xcconfig */;
			buildSettings = {
				ALWAYS_EMBED_SWIFT_STANDARD_LIBRARIES = YES;
				CODE_SIGN_STYLE = Automatic;
				CURRENT_PROJECT_VERSION = 1;
				DEVELOPMENT_TEAM = F9688795K2;
				GENERATE_INFOPLIST_FILE = YES;
				MARKETING_VERSION = 1.0;
				PRODUCT_BUNDLE_IDENTIFIER = personal.grintaUITests;
				PRODUCT_NAME = "$(TARGET_NAME)";
				SWIFT_EMIT_LOC_STRINGS = NO;
				SWIFT_VERSION = 5.0;
				TARGETED_DEVICE_FAMILY = "1,2";
				TEST_TARGET_NAME = grinta;
			};
			name = Debug;
		};
		47FF3D7F2A98AC17009EB5F6 /* Release */ = {
			isa = XCBuildConfiguration;
			baseConfigurationReference = 0FCE8B1B11591B42A14FBDBF /* Pods-grinta-grintaUITests.release.xcconfig */;
			buildSettings = {
				ALWAYS_EMBED_SWIFT_STANDARD_LIBRARIES = YES;
				CODE_SIGN_STYLE = Automatic;
				CURRENT_PROJECT_VERSION = 1;
				DEVELOPMENT_TEAM = F9688795K2;
				GENERATE_INFOPLIST_FILE = YES;
				MARKETING_VERSION = 1.0;
				PRODUCT_BUNDLE_IDENTIFIER = personal.grintaUITests;
				PRODUCT_NAME = "$(TARGET_NAME)";
				SWIFT_EMIT_LOC_STRINGS = NO;
				SWIFT_VERSION = 5.0;
				TARGETED_DEVICE_FAMILY = "1,2";
				TEST_TARGET_NAME = grinta;
			};
			name = Release;
		};
/* End XCBuildConfiguration section */

/* Begin XCConfigurationList section */
		47FF3D452A98AC14009EB5F6 /* Build configuration list for PBXProject "grinta" */ = {
			isa = XCConfigurationList;
			buildConfigurations = (
				47FF3D752A98AC17009EB5F6 /* Debug */,
				47FF3D762A98AC17009EB5F6 /* Release */,
			);
			defaultConfigurationIsVisible = 0;
			defaultConfigurationName = Release;
		};
		47FF3D772A98AC17009EB5F6 /* Build configuration list for PBXNativeTarget "grinta" */ = {
			isa = XCConfigurationList;
			buildConfigurations = (
				47FF3D782A98AC17009EB5F6 /* Debug */,
				47FF3D792A98AC17009EB5F6 /* Release */,
			);
			defaultConfigurationIsVisible = 0;
			defaultConfigurationName = Release;
		};
		47FF3D7A2A98AC17009EB5F6 /* Build configuration list for PBXNativeTarget "grintaTests" */ = {
			isa = XCConfigurationList;
			buildConfigurations = (
				47FF3D7B2A98AC17009EB5F6 /* Debug */,
				47FF3D7C2A98AC17009EB5F6 /* Release */,
			);
			defaultConfigurationIsVisible = 0;
			defaultConfigurationName = Release;
		};
		47FF3D7D2A98AC17009EB5F6 /* Build configuration list for PBXNativeTarget "grintaUITests" */ = {
			isa = XCConfigurationList;
			buildConfigurations = (
				47FF3D7E2A98AC17009EB5F6 /* Debug */,
				47FF3D7F2A98AC17009EB5F6 /* Release */,
			);
			defaultConfigurationIsVisible = 0;
			defaultConfigurationName = Release;
		};
/* End XCConfigurationList section */

/* Begin XCVersionGroup section */
		47FF3D562A98AC14009EB5F6 /* grinta.xcdatamodeld */ = {
			isa = XCVersionGroup;
			children = (
				47FF3D572A98AC14009EB5F6 /* grinta.xcdatamodel */,
			);
			currentVersion = 47FF3D572A98AC14009EB5F6 /* grinta.xcdatamodel */;
			path = grinta.xcdatamodeld;
			sourceTree = "<group>";
			versionGroupType = wrapper.xcdatamodel;
		};
/* End XCVersionGroup section */
	};
	rootObject = 47FF3D422A98AC14009EB5F6 /* Project object */;
}
